// !$*UTF8*$!
{
	archiveVersion = 1;
	classes = {
	};
	objectVersion = 46;
	objects = {

/* Begin PBXBuildFile section */
		671A97D717CB30CF007AB316 /* albumDefault.jpg in Resources */ = {isa = PBXBuildFile; fileRef = 671A97D617CB30CF007AB316 /* albumDefault.jpg */; };
		6743589D184DB0E500FEC97F /* iObject.m in Sources */ = {isa = PBXBuildFile; fileRef = 6743589B184DB0E500FEC97F /* iObject.m */; };
		674358AB184DB0F900FEC97F /* ImageIcon.gif in Resources */ = {isa = PBXBuildFile; fileRef = 6743589E184DB0F900FEC97F /* ImageIcon.gif */; };
		674358AC184DB0F900FEC97F /* MusicImageIcon.gif in Resources */ = {isa = PBXBuildFile; fileRef = 6743589F184DB0F900FEC97F /* MusicImageIcon.gif */; };
		674358AD184DB0F900FEC97F /* Accesser.m in Sources */ = {isa = PBXBuildFile; fileRef = 674358A0184DB0F900FEC97F /* Accesser.m */; };
		674358AE184DB0F900FEC97F /* AccsessHundler.m in Sources */ = {isa = PBXBuildFile; fileRef = 674358A2184DB0F900FEC97F /* AccsessHundler.m */; };
		674358AF184DB0F900FEC97F /* iImageObject.m in Sources */ = {isa = PBXBuildFile; fileRef = 674358A4184DB0F900FEC97F /* iImageObject.m */; };
		674358B0184DB0F900FEC97F /* iMusicObject.m in Sources */ = {isa = PBXBuildFile; fileRef = 674358A6184DB0F900FEC97F /* iMusicObject.m */; };
		674358B1184DB0F900FEC97F /* MusicLibraryAccesser.m in Sources */ = {isa = PBXBuildFile; fileRef = 674358A8184DB0F900FEC97F /* MusicLibraryAccesser.m */; };
		674358B2184DB0F900FEC97F /* MusicLibraryAccessHundler.m in Sources */ = {isa = PBXBuildFile; fileRef = 674358AA184DB0F900FEC97F /* MusicLibraryAccessHundler.m */; };
		67779A28181FBB160014DDC3 /* PhotoLibraryAccesser.m in Sources */ = {isa = PBXBuildFile; fileRef = 67779A27181FBB160014DDC3 /* PhotoLibraryAccesser.m */; };
		67779A2B181FBC150014DDC3 /* PhotoLibraryAccessHundler.m in Sources */ = {isa = PBXBuildFile; fileRef = 67779A2A181FBC150014DDC3 /* PhotoLibraryAccessHundler.m */; };
		6786362217CB2ECC00CE573C /* UIKit.framework in Frameworks */ = {isa = PBXBuildFile; fileRef = 6786362117CB2ECC00CE573C /* UIKit.framework */; };
		6786362417CB2ECC00CE573C /* Foundation.framework in Frameworks */ = {isa = PBXBuildFile; fileRef = 6786362317CB2ECC00CE573C /* Foundation.framework */; };
		6786362617CB2ECC00CE573C /* CoreGraphics.framework in Frameworks */ = {isa = PBXBuildFile; fileRef = 6786362517CB2ECC00CE573C /* CoreGraphics.framework */; };
		6786362C17CB2ECC00CE573C /* InfoPlist.strings in Resources */ = {isa = PBXBuildFile; fileRef = 6786362A17CB2ECC00CE573C /* InfoPlist.strings */; };
		6786362E17CB2ECC00CE573C /* main.m in Sources */ = {isa = PBXBuildFile; fileRef = 6786362D17CB2ECC00CE573C /* main.m */; };
		6786363417CB2ECC00CE573C /* Default.png in Resources */ = {isa = PBXBuildFile; fileRef = 6786363317CB2ECC00CE573C /* Default.png */; };
		6786363617CB2ECC00CE573C /* Default@2x.png in Resources */ = {isa = PBXBuildFile; fileRef = 6786363517CB2ECC00CE573C /* Default@2x.png */; };
		6786363817CB2ECC00CE573C /* Default-568h@2x.png in Resources */ = {isa = PBXBuildFile; fileRef = 6786363717CB2ECC00CE573C /* Default-568h@2x.png */; };
		6786363B17CB2ECC00CE573C /* MainStoryboard.storyboard in Resources */ = {isa = PBXBuildFile; fileRef = 6786363917CB2ECC00CE573C /* MainStoryboard.storyboard */; };
		6786364617CB2ECC00CE573C /* SenTestingKit.framework in Frameworks */ = {isa = PBXBuildFile; fileRef = 6786364517CB2ECC00CE573C /* SenTestingKit.framework */; };
		6786364717CB2ECC00CE573C /* UIKit.framework in Frameworks */ = {isa = PBXBuildFile; fileRef = 6786362117CB2ECC00CE573C /* UIKit.framework */; };
		6786364817CB2ECC00CE573C /* Foundation.framework in Frameworks */ = {isa = PBXBuildFile; fileRef = 6786362317CB2ECC00CE573C /* Foundation.framework */; };
		6786365017CB2ECC00CE573C /* InfoPlist.strings in Resources */ = {isa = PBXBuildFile; fileRef = 6786364E17CB2ECC00CE573C /* InfoPlist.strings */; };
		6786365317CB2ECC00CE573C /* iCapTests.m in Sources */ = {isa = PBXBuildFile; fileRef = 6786365217CB2ECC00CE573C /* iCapTests.m */; };
		678AE0FE17CB33C1005FF726 /* QuartzCore.framework in Frameworks */ = {isa = PBXBuildFile; fileRef = 678AE0FD17CB33C1005FF726 /* QuartzCore.framework */; };
		678AE10017CB33CD005FF726 /* MediaPlayer.framework in Frameworks */ = {isa = PBXBuildFile; fileRef = 678AE0FF17CB33CD005FF726 /* MediaPlayer.framework */; };
		678AE10217CB33D6005FF726 /* AudioToolbox.framework in Frameworks */ = {isa = PBXBuildFile; fileRef = 678AE10117CB33D6005FF726 /* AudioToolbox.framework */; };
		67B38ADD17CB32C9006B9683 /* AllDeleter.m in Sources */ = {isa = PBXBuildFile; fileRef = 67B38ADB17CB32C9006B9683 /* AllDeleter.m */; };
		67B38AE017CB32D1006B9683 /* AppDelegate.m in Sources */ = {isa = PBXBuildFile; fileRef = 67B38ADE17CB32D1006B9683 /* AppDelegate.m */; };
		67B38AE317CB32DB006B9683 /* Deleter.m in Sources */ = {isa = PBXBuildFile; fileRef = 67B38AE217CB32DB006B9683 /* Deleter.m */; };
		67B38AE517CB32E1006B9683 /* deleter.png in Resources */ = {isa = PBXBuildFile; fileRef = 67B38AE417CB32E1006B9683 /* deleter.png */; };
		67B38AE817CB32EB006B9683 /* EffectSoundBox.m in Sources */ = {isa = PBXBuildFile; fileRef = 67B38AE717CB32EB006B9683 /* EffectSoundBox.m */; };
		67B38AED17CB3313006B9683 /* MusicImage.m in Sources */ = {isa = PBXBuildFile; fileRef = 67B38AEA17CB3313006B9683 /* MusicImage.m */; };
		67B38AEE17CB3313006B9683 /* MusicSaveData.m in Sources */ = {isa = PBXBuildFile; fileRef = 67B38AEC17CB3313006B9683 /* MusicSaveData.m */; };
		67B38AF117CB3320006B9683 /* MyScrollView.m in Sources */ = {isa = PBXBuildFile; fileRef = 67B38AF017CB3320006B9683 /* MyScrollView.m */; };
		67B38AFB17CB332A006B9683 /* RedFrame.m in Sources */ = {isa = PBXBuildFile; fileRef = 67B38AF317CB332A006B9683 /* RedFrame.m */; };
		67B38AFC17CB332A006B9683 /* redFrame.png in Resources */ = {isa = PBXBuildFile; fileRef = 67B38AF417CB332A006B9683 /* redFrame.png */; };
		67B38AFE17CB332A006B9683 /* SuperView.m in Sources */ = {isa = PBXBuildFile; fileRef = 67B38AF817CB332A006B9683 /* SuperView.m */; };
		67B38AFF17CB332A006B9683 /* ViewController.m in Sources */ = {isa = PBXBuildFile; fileRef = 67B38AFA17CB332A006B9683 /* ViewController.m */; };
		67B38B0117CB334D006B9683 /* Icon2.png in Resources */ = {isa = PBXBuildFile; fileRef = 67B38B0017CB334D006B9683 /* Icon2.png */; };
		67B38B0317CB3353006B9683 /* Icon.png in Resources */ = {isa = PBXBuildFile; fileRef = 67B38B0217CB3353006B9683 /* Icon.png */; };
		FAB568421833CCA2002FB1BA /* GameKit.framework in Frameworks */ = {isa = PBXBuildFile; fileRef = FAB568411833CCA2002FB1BA /* GameKit.framework */; };
/* End PBXBuildFile section */

/* Begin PBXContainerItemProxy section */
		6786364917CB2ECC00CE573C /* PBXContainerItemProxy */ = {
			isa = PBXContainerItemProxy;
			containerPortal = 6786361617CB2ECC00CE573C /* Project object */;
			proxyType = 1;
			remoteGlobalIDString = 6786361D17CB2ECC00CE573C;
			remoteInfo = iCap;
		};
/* End PBXContainerItemProxy section */

/* Begin PBXFileReference section */
		671A97D617CB30CF007AB316 /* albumDefault.jpg */ = {isa = PBXFileReference; lastKnownFileType = image.jpeg; path = albumDefault.jpg; sourceTree = "<group>"; };
		6743589A184DB0E500FEC97F /* iObject.h */ = {isa = PBXFileReference; fileEncoding = 4; lastKnownFileType = sourcecode.c.h; name = iObject.h; path = ../iObjects/iObject.h; sourceTree = "<group>"; };
		6743589B184DB0E500FEC97F /* iObject.m */ = {isa = PBXFileReference; fileEncoding = 4; lastKnownFileType = sourcecode.c.objc; name = iObject.m; path = ../iObjects/iObject.m; sourceTree = "<group>"; };
		6743589C184DB0E500FEC97F /* Accesser.h */ = {isa = PBXFileReference; fileEncoding = 4; lastKnownFileType = sourcecode.c.h; path = Accesser.h; sourceTree = "<group>"; };
		6743589E184DB0F900FEC97F /* ImageIcon.gif */ = {isa = PBXFileReference; lastKnownFileType = image.gif; path = ImageIcon.gif; sourceTree = "<group>"; };
		6743589F184DB0F900FEC97F /* MusicImageIcon.gif */ = {isa = PBXFileReference; lastKnownFileType = image.gif; path = MusicImageIcon.gif; sourceTree = "<group>"; };
		674358A0184DB0F900FEC97F /* Accesser.m */ = {isa = PBXFileReference; fileEncoding = 4; lastKnownFileType = sourcecode.c.objc; path = Accesser.m; sourceTree = "<group>"; };
		674358A1184DB0F900FEC97F /* AccsessHundler.h */ = {isa = PBXFileReference; fileEncoding = 4; lastKnownFileType = sourcecode.c.h; path = AccsessHundler.h; sourceTree = "<group>"; };
		674358A2184DB0F900FEC97F /* AccsessHundler.m */ = {isa = PBXFileReference; fileEncoding = 4; lastKnownFileType = sourcecode.c.objc; path = AccsessHundler.m; sourceTree = "<group>"; };
		674358A3184DB0F900FEC97F /* iImageObject.h */ = {isa = PBXFileReference; fileEncoding = 4; lastKnownFileType = sourcecode.c.h; path = iImageObject.h; sourceTree = "<group>"; };
		674358A4184DB0F900FEC97F /* iImageObject.m */ = {isa = PBXFileReference; fileEncoding = 4; lastKnownFileType = sourcecode.c.objc; path = iImageObject.m; sourceTree = "<group>"; };
		674358A5184DB0F900FEC97F /* iMusicObject.h */ = {isa = PBXFileReference; fileEncoding = 4; lastKnownFileType = sourcecode.c.h; path = iMusicObject.h; sourceTree = "<group>"; };
		674358A6184DB0F900FEC97F /* iMusicObject.m */ = {isa = PBXFileReference; fileEncoding = 4; lastKnownFileType = sourcecode.c.objc; path = iMusicObject.m; sourceTree = "<group>"; };
		674358A7184DB0F900FEC97F /* MusicLibraryAccesser.h */ = {isa = PBXFileReference; fileEncoding = 4; lastKnownFileType = sourcecode.c.h; path = MusicLibraryAccesser.h; sourceTree = "<group>"; };
		674358A8184DB0F900FEC97F /* MusicLibraryAccesser.m */ = {isa = PBXFileReference; fileEncoding = 4; lastKnownFileType = sourcecode.c.objc; path = MusicLibraryAccesser.m; sourceTree = "<group>"; };
		674358A9184DB0F900FEC97F /* MusicLibraryAccessHundler.h */ = {isa = PBXFileReference; fileEncoding = 4; lastKnownFileType = sourcecode.c.h; path = MusicLibraryAccessHundler.h; sourceTree = "<group>"; };
		674358AA184DB0F900FEC97F /* MusicLibraryAccessHundler.m */ = {isa = PBXFileReference; fileEncoding = 4; lastKnownFileType = sourcecode.c.objc; path = MusicLibraryAccessHundler.m; sourceTree = "<group>"; };
		67779A26181FBB160014DDC3 /* PhotoLibraryAccesser.h */ = {isa = PBXFileReference; fileEncoding = 4; lastKnownFileType = sourcecode.c.h; path = PhotoLibraryAccesser.h; sourceTree = "<group>"; };
		67779A27181FBB160014DDC3 /* PhotoLibraryAccesser.m */ = {isa = PBXFileReference; fileEncoding = 4; lastKnownFileType = sourcecode.c.objc; path = PhotoLibraryAccesser.m; sourceTree = "<group>"; };
		67779A29181FBC150014DDC3 /* PhotoLibraryAccessHundler.h */ = {isa = PBXFileReference; fileEncoding = 4; lastKnownFileType = sourcecode.c.h; path = PhotoLibraryAccessHundler.h; sourceTree = "<group>"; };
		67779A2A181FBC150014DDC3 /* PhotoLibraryAccessHundler.m */ = {isa = PBXFileReference; fileEncoding = 4; lastKnownFileType = sourcecode.c.objc; path = PhotoLibraryAccessHundler.m; sourceTree = "<group>"; };
		6786361E17CB2ECC00CE573C /* iCap.app */ = {isa = PBXFileReference; explicitFileType = wrapper.application; includeInIndex = 0; path = iCap.app; sourceTree = BUILT_PRODUCTS_DIR; };
		6786362117CB2ECC00CE573C /* UIKit.framework */ = {isa = PBXFileReference; lastKnownFileType = wrapper.framework; name = UIKit.framework; path = System/Library/Frameworks/UIKit.framework; sourceTree = SDKROOT; };
		6786362317CB2ECC00CE573C /* Foundation.framework */ = {isa = PBXFileReference; lastKnownFileType = wrapper.framework; name = Foundation.framework; path = System/Library/Frameworks/Foundation.framework; sourceTree = SDKROOT; };
		6786362517CB2ECC00CE573C /* CoreGraphics.framework */ = {isa = PBXFileReference; lastKnownFileType = wrapper.framework; name = CoreGraphics.framework; path = System/Library/Frameworks/CoreGraphics.framework; sourceTree = SDKROOT; };
		6786362917CB2ECC00CE573C /* iCap-Info.plist */ = {isa = PBXFileReference; lastKnownFileType = text.plist.xml; path = "iCap-Info.plist"; sourceTree = "<group>"; };
		6786362B17CB2ECC00CE573C /* en */ = {isa = PBXFileReference; lastKnownFileType = text.plist.strings; name = en; path = en.lproj/InfoPlist.strings; sourceTree = "<group>"; };
		6786362D17CB2ECC00CE573C /* main.m */ = {isa = PBXFileReference; lastKnownFileType = sourcecode.c.objc; path = main.m; sourceTree = "<group>"; };
		6786362F17CB2ECC00CE573C /* iCap-Prefix.pch */ = {isa = PBXFileReference; lastKnownFileType = sourcecode.c.h; path = "iCap-Prefix.pch"; sourceTree = "<group>"; };
		6786363317CB2ECC00CE573C /* Default.png */ = {isa = PBXFileReference; lastKnownFileType = image.png; path = Default.png; sourceTree = "<group>"; };
		6786363517CB2ECC00CE573C /* Default@2x.png */ = {isa = PBXFileReference; lastKnownFileType = image.png; path = "Default@2x.png"; sourceTree = "<group>"; };
		6786363717CB2ECC00CE573C /* Default-568h@2x.png */ = {isa = PBXFileReference; lastKnownFileType = image.png; path = "Default-568h@2x.png"; sourceTree = "<group>"; };
		6786363A17CB2ECC00CE573C /* en */ = {isa = PBXFileReference; lastKnownFileType = file.storyboard; name = en; path = en.lproj/MainStoryboard.storyboard; sourceTree = "<group>"; };
		6786364417CB2ECC00CE573C /* iCapTests.octest */ = {isa = PBXFileReference; explicitFileType = wrapper.cfbundle; includeInIndex = 0; path = iCapTests.octest; sourceTree = BUILT_PRODUCTS_DIR; };
		6786364517CB2ECC00CE573C /* SenTestingKit.framework */ = {isa = PBXFileReference; lastKnownFileType = wrapper.framework; name = SenTestingKit.framework; path = Library/Frameworks/SenTestingKit.framework; sourceTree = DEVELOPER_DIR; };
		6786364D17CB2ECC00CE573C /* iCapTests-Info.plist */ = {isa = PBXFileReference; lastKnownFileType = text.plist.xml; path = "iCapTests-Info.plist"; sourceTree = "<group>"; };
		6786364F17CB2ECC00CE573C /* en */ = {isa = PBXFileReference; lastKnownFileType = text.plist.strings; name = en; path = en.lproj/InfoPlist.strings; sourceTree = "<group>"; };
		6786365117CB2ECC00CE573C /* iCapTests.h */ = {isa = PBXFileReference; lastKnownFileType = sourcecode.c.h; path = iCapTests.h; sourceTree = "<group>"; };
		6786365217CB2ECC00CE573C /* iCapTests.m */ = {isa = PBXFileReference; lastKnownFileType = sourcecode.c.objc; path = iCapTests.m; sourceTree = "<group>"; };
		678AE0FD17CB33C1005FF726 /* QuartzCore.framework */ = {isa = PBXFileReference; lastKnownFileType = wrapper.framework; name = QuartzCore.framework; path = System/Library/Frameworks/QuartzCore.framework; sourceTree = SDKROOT; };
		678AE0FF17CB33CD005FF726 /* MediaPlayer.framework */ = {isa = PBXFileReference; lastKnownFileType = wrapper.framework; name = MediaPlayer.framework; path = System/Library/Frameworks/MediaPlayer.framework; sourceTree = SDKROOT; };
		678AE10117CB33D6005FF726 /* AudioToolbox.framework */ = {isa = PBXFileReference; lastKnownFileType = wrapper.framework; name = AudioToolbox.framework; path = System/Library/Frameworks/AudioToolbox.framework; sourceTree = SDKROOT; };
		67B38ADA17CB32C9006B9683 /* AllDeleter.h */ = {isa = PBXFileReference; fileEncoding = 4; lastKnownFileType = sourcecode.c.h; path = AllDeleter.h; sourceTree = "<group>"; };
		67B38ADB17CB32C9006B9683 /* AllDeleter.m */ = {isa = PBXFileReference; fileEncoding = 4; lastKnownFileType = sourcecode.c.objc; path = AllDeleter.m; sourceTree = "<group>"; };
		67B38ADC17CB32C9006B9683 /* AppDelegate.h */ = {isa = PBXFileReference; fileEncoding = 4; lastKnownFileType = sourcecode.c.h; path = AppDelegate.h; sourceTree = "<group>"; };
		67B38ADE17CB32D1006B9683 /* AppDelegate.m */ = {isa = PBXFileReference; fileEncoding = 4; lastKnownFileType = sourcecode.c.objc; path = AppDelegate.m; sourceTree = "<group>"; };
		67B38ADF17CB32D1006B9683 /* CommonLibrary.h */ = {isa = PBXFileReference; fileEncoding = 4; lastKnownFileType = sourcecode.c.h; path = CommonLibrary.h; sourceTree = "<group>"; };
		67B38AE117CB32DB006B9683 /* Deleter.h */ = {isa = PBXFileReference; fileEncoding = 4; lastKnownFileType = sourcecode.c.h; path = Deleter.h; sourceTree = "<group>"; };
		67B38AE217CB32DB006B9683 /* Deleter.m */ = {isa = PBXFileReference; fileEncoding = 4; lastKnownFileType = sourcecode.c.objc; path = Deleter.m; sourceTree = "<group>"; };
		67B38AE417CB32E1006B9683 /* deleter.png */ = {isa = PBXFileReference; lastKnownFileType = image.png; path = deleter.png; sourceTree = "<group>"; };
		67B38AE617CB32EB006B9683 /* EffectSoundBox.h */ = {isa = PBXFileReference; fileEncoding = 4; lastKnownFileType = sourcecode.c.h; path = EffectSoundBox.h; sourceTree = "<group>"; };
		67B38AE717CB32EB006B9683 /* EffectSoundBox.m */ = {isa = PBXFileReference; fileEncoding = 4; lastKnownFileType = sourcecode.c.objc; path = EffectSoundBox.m; sourceTree = "<group>"; };
		67B38AE917CB3313006B9683 /* MusicImage.h */ = {isa = PBXFileReference; fileEncoding = 4; lastKnownFileType = sourcecode.c.h; path = MusicImage.h; sourceTree = "<group>"; };
		67B38AEA17CB3313006B9683 /* MusicImage.m */ = {isa = PBXFileReference; fileEncoding = 4; lastKnownFileType = sourcecode.c.objc; path = MusicImage.m; sourceTree = "<group>"; };
		67B38AEB17CB3313006B9683 /* MusicSaveData.h */ = {isa = PBXFileReference; fileEncoding = 4; lastKnownFileType = sourcecode.c.h; path = MusicSaveData.h; sourceTree = "<group>"; };
		67B38AEC17CB3313006B9683 /* MusicSaveData.m */ = {isa = PBXFileReference; fileEncoding = 4; lastKnownFileType = sourcecode.c.objc; path = MusicSaveData.m; sourceTree = "<group>"; };
		67B38AEF17CB3320006B9683 /* MyScrollView.h */ = {isa = PBXFileReference; fileEncoding = 4; lastKnownFileType = sourcecode.c.h; path = MyScrollView.h; sourceTree = "<group>"; };
		67B38AF017CB3320006B9683 /* MyScrollView.m */ = {isa = PBXFileReference; fileEncoding = 4; lastKnownFileType = sourcecode.c.objc; path = MyScrollView.m; sourceTree = "<group>"; };
		67B38AF217CB332A006B9683 /* RedFrame.h */ = {isa = PBXFileReference; fileEncoding = 4; lastKnownFileType = sourcecode.c.h; path = RedFrame.h; sourceTree = "<group>"; };
		67B38AF317CB332A006B9683 /* RedFrame.m */ = {isa = PBXFileReference; fileEncoding = 4; lastKnownFileType = sourcecode.c.objc; path = RedFrame.m; sourceTree = "<group>"; };
		67B38AF417CB332A006B9683 /* redFrame.png */ = {isa = PBXFileReference; lastKnownFileType = image.png; path = redFrame.png; sourceTree = "<group>"; };
		67B38AF717CB332A006B9683 /* SuperView.h */ = {isa = PBXFileReference; fileEncoding = 4; lastKnownFileType = sourcecode.c.h; path = SuperView.h; sourceTree = "<group>"; };
		67B38AF817CB332A006B9683 /* SuperView.m */ = {isa = PBXFileReference; fileEncoding = 4; lastKnownFileType = sourcecode.c.objc; path = SuperView.m; sourceTree = "<group>"; };
		67B38AF917CB332A006B9683 /* ViewController.h */ = {isa = PBXFileReference; fileEncoding = 4; lastKnownFileType = sourcecode.c.h; path = ViewController.h; sourceTree = "<group>"; };
		67B38AFA17CB332A006B9683 /* ViewController.m */ = {isa = PBXFileReference; fileEncoding = 4; lastKnownFileType = sourcecode.c.objc; path = ViewController.m; sourceTree = "<group>"; };
		67B38B0017CB334D006B9683 /* Icon2.png */ = {isa = PBXFileReference; lastKnownFileType = image.png; path = Icon2.png; sourceTree = "<group>"; };
		67B38B0217CB3353006B9683 /* Icon.png */ = {isa = PBXFileReference; lastKnownFileType = image.png; path = Icon.png; sourceTree = "<group>"; };
		FAB568411833CCA2002FB1BA /* GameKit.framework */ = {isa = PBXFileReference; lastKnownFileType = wrapper.framework; name = GameKit.framework; path = System/Library/Frameworks/GameKit.framework; sourceTree = SDKROOT; };
/* End PBXFileReference section */

/* Begin PBXFrameworksBuildPhase section */
		6786361B17CB2ECC00CE573C /* Frameworks */ = {
			isa = PBXFrameworksBuildPhase;
			buildActionMask = 2147483647;
			files = (
				FAB568421833CCA2002FB1BA /* GameKit.framework in Frameworks */,
				678AE10217CB33D6005FF726 /* AudioToolbox.framework in Frameworks */,
				678AE10017CB33CD005FF726 /* MediaPlayer.framework in Frameworks */,
				678AE0FE17CB33C1005FF726 /* QuartzCore.framework in Frameworks */,
				6786362217CB2ECC00CE573C /* UIKit.framework in Frameworks */,
				6786362417CB2ECC00CE573C /* Foundation.framework in Frameworks */,
				6786362617CB2ECC00CE573C /* CoreGraphics.framework in Frameworks */,
			);
			runOnlyForDeploymentPostprocessing = 0;
		};
		6786364017CB2ECC00CE573C /* Frameworks */ = {
			isa = PBXFrameworksBuildPhase;
			buildActionMask = 2147483647;
			files = (
				6786364617CB2ECC00CE573C /* SenTestingKit.framework in Frameworks */,
				6786364717CB2ECC00CE573C /* UIKit.framework in Frameworks */,
				6786364817CB2ECC00CE573C /* Foundation.framework in Frameworks */,
			);
			runOnlyForDeploymentPostprocessing = 0;
		};
/* End PBXFrameworksBuildPhase section */

/* Begin PBXGroup section */
		674877CB1A1C87D70097DBEC /* viewcontroller */ = {
			isa = PBXGroup;
			children = (
				67B38AF917CB332A006B9683 /* ViewController.h */,
				67B38AFA17CB332A006B9683 /* ViewController.m */,
			);
			name = viewcontroller;
			sourceTree = "<group>";
		};
		6786361517CB2ECC00CE573C = {
			isa = PBXGroup;
			children = (
				6743589E184DB0F900FEC97F /* ImageIcon.gif */,
				6743589F184DB0F900FEC97F /* MusicImageIcon.gif */,
				67B38B0017CB334D006B9683 /* Icon2.png */,
				67B38B0217CB3353006B9683 /* Icon.png */,
				6786362717CB2ECC00CE573C /* iCap */,
				6786364B17CB2ECC00CE573C /* iCapTests */,
				6786362017CB2ECC00CE573C /* Frameworks */,
				6786361F17CB2ECC00CE573C /* Products */,
			);
			sourceTree = "<group>";
		};
		6786361F17CB2ECC00CE573C /* Products */ = {
			isa = PBXGroup;
			children = (
				6786361E17CB2ECC00CE573C /* iCap.app */,
				6786364417CB2ECC00CE573C /* iCapTests.octest */,
			);
			name = Products;
			sourceTree = "<group>";
		};
		6786362017CB2ECC00CE573C /* Frameworks */ = {
			isa = PBXGroup;
			children = (
				FAB568411833CCA2002FB1BA /* GameKit.framework */,
				678AE10117CB33D6005FF726 /* AudioToolbox.framework */,
				678AE0FF17CB33CD005FF726 /* MediaPlayer.framework */,
				678AE0FD17CB33C1005FF726 /* QuartzCore.framework */,
				6786362117CB2ECC00CE573C /* UIKit.framework */,
				6786362317CB2ECC00CE573C /* Foundation.framework */,
				6786362517CB2ECC00CE573C /* CoreGraphics.framework */,
				6786364517CB2ECC00CE573C /* SenTestingKit.framework */,
			);
			name = Frameworks;
			sourceTree = "<group>";
		};
		6786362717CB2ECC00CE573C /* iCap */ = {
			isa = PBXGroup;
			children = (
				674877CB1A1C87D70097DBEC /* viewcontroller */,
				674358A0184DB0F900FEC97F /* Accesser.m */,
				674358A1184DB0F900FEC97F /* AccsessHundler.h */,
				674358A2184DB0F900FEC97F /* AccsessHundler.m */,
				674358A3184DB0F900FEC97F /* iImageObject.h */,
				674358A4184DB0F900FEC97F /* iImageObject.m */,
				674358A5184DB0F900FEC97F /* iMusicObject.h */,
				674358A6184DB0F900FEC97F /* iMusicObject.m */,
				674358A7184DB0F900FEC97F /* MusicLibraryAccesser.h */,
				674358A8184DB0F900FEC97F /* MusicLibraryAccesser.m */,
				674358A9184DB0F900FEC97F /* MusicLibraryAccessHundler.h */,
				674358AA184DB0F900FEC97F /* MusicLibraryAccessHundler.m */,
				6743589A184DB0E500FEC97F /* iObject.h */,
				6743589B184DB0E500FEC97F /* iObject.m */,
				6743589C184DB0E500FEC97F /* Accesser.h */,
				671A97D617CB30CF007AB316 /* albumDefault.jpg */,
				67B38ADA17CB32C9006B9683 /* AllDeleter.h */,
				67B38ADB17CB32C9006B9683 /* AllDeleter.m */,
				67B38ADC17CB32C9006B9683 /* AppDelegate.h */,
				67B38ADE17CB32D1006B9683 /* AppDelegate.m */,
				67B38ADF17CB32D1006B9683 /* CommonLibrary.h */,
				67B38AE117CB32DB006B9683 /* Deleter.h */,
				67B38AE217CB32DB006B9683 /* Deleter.m */,
				67B38AE417CB32E1006B9683 /* deleter.png */,
				67B38AE617CB32EB006B9683 /* EffectSoundBox.h */,
				67B38AE717CB32EB006B9683 /* EffectSoundBox.m */,
				67B38AE917CB3313006B9683 /* MusicImage.h */,
				67B38AEA17CB3313006B9683 /* MusicImage.m */,
				67B38AEB17CB3313006B9683 /* MusicSaveData.h */,
				67B38AEC17CB3313006B9683 /* MusicSaveData.m */,
				67B38AEF17CB3320006B9683 /* MyScrollView.h */,
				67B38AF017CB3320006B9683 /* MyScrollView.m */,
				67B38AF217CB332A006B9683 /* RedFrame.h */,
				67B38AF317CB332A006B9683 /* RedFrame.m */,
				67B38AF417CB332A006B9683 /* redFrame.png */,
				67779A29181FBC150014DDC3 /* PhotoLibraryAccessHundler.h */,
				67779A2A181FBC150014DDC3 /* PhotoLibraryAccessHundler.m */,
				67B38AF717CB332A006B9683 /* SuperView.h */,
				67B38AF817CB332A006B9683 /* SuperView.m */,
				67779A26181FBB160014DDC3 /* PhotoLibraryAccesser.h */,
				67779A27181FBB160014DDC3 /* PhotoLibraryAccesser.m */,
				6786363917CB2ECC00CE573C /* MainStoryboard.storyboard */,
				6786362817CB2ECC00CE573C /* Supporting Files */,
			);
			path = iCap;
			sourceTree = "<group>";
		};
		6786362817CB2ECC00CE573C /* Supporting Files */ = {
			isa = PBXGroup;
			children = (
				6786362917CB2ECC00CE573C /* iCap-Info.plist */,
				6786362A17CB2ECC00CE573C /* InfoPlist.strings */,
				6786362D17CB2ECC00CE573C /* main.m */,
				6786362F17CB2ECC00CE573C /* iCap-Prefix.pch */,
				6786363317CB2ECC00CE573C /* Default.png */,
				6786363517CB2ECC00CE573C /* Default@2x.png */,
				6786363717CB2ECC00CE573C /* Default-568h@2x.png */,
			);
			name = "Supporting Files";
			sourceTree = "<group>";
		};
		6786364B17CB2ECC00CE573C /* iCapTests */ = {
			isa = PBXGroup;
			children = (
				6786365117CB2ECC00CE573C /* iCapTests.h */,
				6786365217CB2ECC00CE573C /* iCapTests.m */,
				6786364C17CB2ECC00CE573C /* Supporting Files */,
			);
			path = iCapTests;
			sourceTree = "<group>";
		};
		6786364C17CB2ECC00CE573C /* Supporting Files */ = {
			isa = PBXGroup;
			children = (
				6786364D17CB2ECC00CE573C /* iCapTests-Info.plist */,
				6786364E17CB2ECC00CE573C /* InfoPlist.strings */,
			);
			name = "Supporting Files";
			sourceTree = "<group>";
		};
/* End PBXGroup section */

/* Begin PBXNativeTarget section */
		6786361D17CB2ECC00CE573C /* iCap */ = {
			isa = PBXNativeTarget;
			buildConfigurationList = 6786365617CB2ECC00CE573C /* Build configuration list for PBXNativeTarget "iCap" */;
			buildPhases = (
				6786361A17CB2ECC00CE573C /* Sources */,
				6786361B17CB2ECC00CE573C /* Frameworks */,
				6786361C17CB2ECC00CE573C /* Resources */,
			);
			buildRules = (
			);
			dependencies = (
			);
			name = iCap;
			productName = iCap;
			productReference = 6786361E17CB2ECC00CE573C /* iCap.app */;
			productType = "com.apple.product-type.application";
		};
		6786364317CB2ECC00CE573C /* iCapTests */ = {
			isa = PBXNativeTarget;
			buildConfigurationList = 6786365917CB2ECC00CE573C /* Build configuration list for PBXNativeTarget "iCapTests" */;
			buildPhases = (
				6786363F17CB2ECC00CE573C /* Sources */,
				6786364017CB2ECC00CE573C /* Frameworks */,
				6786364117CB2ECC00CE573C /* Resources */,
				6786364217CB2ECC00CE573C /* ShellScript */,
			);
			buildRules = (
			);
			dependencies = (
				6786364A17CB2ECC00CE573C /* PBXTargetDependency */,
			);
			name = iCapTests;
			productName = iCapTests;
			productReference = 6786364417CB2ECC00CE573C /* iCapTests.octest */;
			productType = "com.apple.product-type.bundle.ocunit-test";
		};
/* End PBXNativeTarget section */

/* Begin PBXProject section */
		6786361617CB2ECC00CE573C /* Project object */ = {
			isa = PBXProject;
			attributes = {
				LastUpgradeCheck = 0460;
				ORGANIZATIONNAME = "大畑 貴史";
			};
			buildConfigurationList = 6786361917CB2ECC00CE573C /* Build configuration list for PBXProject "iCap" */;
			compatibilityVersion = "Xcode 3.2";
			developmentRegion = English;
			hasScannedForEncodings = 0;
			knownRegions = (
				en,
			);
			mainGroup = 6786361517CB2ECC00CE573C;
			productRefGroup = 6786361F17CB2ECC00CE573C /* Products */;
			projectDirPath = "";
			projectRoot = "";
			targets = (
				6786361D17CB2ECC00CE573C /* iCap */,
				6786364317CB2ECC00CE573C /* iCapTests */,
			);
		};
/* End PBXProject section */

/* Begin PBXResourcesBuildPhase section */
		6786361C17CB2ECC00CE573C /* Resources */ = {
			isa = PBXResourcesBuildPhase;
			buildActionMask = 2147483647;
			files = (
				674358AB184DB0F900FEC97F /* ImageIcon.gif in Resources */,
				6786362C17CB2ECC00CE573C /* InfoPlist.strings in Resources */,
				6786363417CB2ECC00CE573C /* Default.png in Resources */,
				674358AC184DB0F900FEC97F /* MusicImageIcon.gif in Resources */,
				6786363617CB2ECC00CE573C /* Default@2x.png in Resources */,
				6786363817CB2ECC00CE573C /* Default-568h@2x.png in Resources */,
				6786363B17CB2ECC00CE573C /* MainStoryboard.storyboard in Resources */,
				671A97D717CB30CF007AB316 /* albumDefault.jpg in Resources */,
				67B38AE517CB32E1006B9683 /* deleter.png in Resources */,
				67B38AFC17CB332A006B9683 /* redFrame.png in Resources */,
				67B38B0117CB334D006B9683 /* Icon2.png in Resources */,
				67B38B0317CB3353006B9683 /* Icon.png in Resources */,
			);
			runOnlyForDeploymentPostprocessing = 0;
		};
		6786364117CB2ECC00CE573C /* Resources */ = {
			isa = PBXResourcesBuildPhase;
			buildActionMask = 2147483647;
			files = (
				6786365017CB2ECC00CE573C /* InfoPlist.strings in Resources */,
			);
			runOnlyForDeploymentPostprocessing = 0;
		};
/* End PBXResourcesBuildPhase section */

/* Begin PBXShellScriptBuildPhase section */
		6786364217CB2ECC00CE573C /* ShellScript */ = {
			isa = PBXShellScriptBuildPhase;
			buildActionMask = 2147483647;
			files = (
			);
			inputPaths = (
			);
			outputPaths = (
			);
			runOnlyForDeploymentPostprocessing = 0;
			shellPath = /bin/sh;
			shellScript = "# Run the unit tests in this test bundle.\n\"${SYSTEM_DEVELOPER_DIR}/Tools/RunUnitTests\"\n";
		};
/* End PBXShellScriptBuildPhase section */

/* Begin PBXSourcesBuildPhase section */
		6786361A17CB2ECC00CE573C /* Sources */ = {
			isa = PBXSourcesBuildPhase;
			buildActionMask = 2147483647;
			files = (
				6786362E17CB2ECC00CE573C /* main.m in Sources */,
				674358AE184DB0F900FEC97F /* AccsessHundler.m in Sources */,
				67B38ADD17CB32C9006B9683 /* AllDeleter.m in Sources */,
				67B38AE017CB32D1006B9683 /* AppDelegate.m in Sources */,
				6743589D184DB0E500FEC97F /* iObject.m in Sources */,
				67B38AE317CB32DB006B9683 /* Deleter.m in Sources */,
				67B38AE817CB32EB006B9683 /* EffectSoundBox.m in Sources */,
				67B38AED17CB3313006B9683 /* MusicImage.m in Sources */,
				67B38AEE17CB3313006B9683 /* MusicSaveData.m in Sources */,
				67B38AF117CB3320006B9683 /* MyScrollView.m in Sources */,
				67B38AFB17CB332A006B9683 /* RedFrame.m in Sources */,
				67B38AFE17CB332A006B9683 /* SuperView.m in Sources */,
				674358B1184DB0F900FEC97F /* MusicLibraryAccesser.m in Sources */,
				67B38AFF17CB332A006B9683 /* ViewController.m in Sources */,
				674358B2184DB0F900FEC97F /* MusicLibraryAccessHundler.m in Sources */,
				67779A28181FBB160014DDC3 /* PhotoLibraryAccesser.m in Sources */,
				674358AD184DB0F900FEC97F /* Accesser.m in Sources */,
				67779A2B181FBC150014DDC3 /* PhotoLibraryAccessHundler.m in Sources */,
				674358B0184DB0F900FEC97F /* iMusicObject.m in Sources */,
				674358AF184DB0F900FEC97F /* iImageObject.m in Sources */,
			);
			runOnlyForDeploymentPostprocessing = 0;
		};
		6786363F17CB2ECC00CE573C /* Sources */ = {
			isa = PBXSourcesBuildPhase;
			buildActionMask = 2147483647;
			files = (
				6786365317CB2ECC00CE573C /* iCapTests.m in Sources */,
			);
			runOnlyForDeploymentPostprocessing = 0;
		};
/* End PBXSourcesBuildPhase section */

/* Begin PBXTargetDependency section */
		6786364A17CB2ECC00CE573C /* PBXTargetDependency */ = {
			isa = PBXTargetDependency;
			target = 6786361D17CB2ECC00CE573C /* iCap */;
			targetProxy = 6786364917CB2ECC00CE573C /* PBXContainerItemProxy */;
		};
/* End PBXTargetDependency section */

/* Begin PBXVariantGroup section */
		6786362A17CB2ECC00CE573C /* InfoPlist.strings */ = {
			isa = PBXVariantGroup;
			children = (
				6786362B17CB2ECC00CE573C /* en */,
			);
			name = InfoPlist.strings;
			sourceTree = "<group>";
		};
		6786363917CB2ECC00CE573C /* MainStoryboard.storyboard */ = {
			isa = PBXVariantGroup;
			children = (
				6786363A17CB2ECC00CE573C /* en */,
			);
			name = MainStoryboard.storyboard;
			sourceTree = "<group>";
		};
		6786364E17CB2ECC00CE573C /* InfoPlist.strings */ = {
			isa = PBXVariantGroup;
			children = (
				6786364F17CB2ECC00CE573C /* en */,
			);
			name = InfoPlist.strings;
			sourceTree = "<group>";
		};
/* End PBXVariantGroup section */

/* Begin XCBuildConfiguration section */
		6786365417CB2ECC00CE573C /* Debug */ = {
			isa = XCBuildConfiguration;
			buildSettings = {
				ALWAYS_SEARCH_USER_PATHS = NO;
				CLANG_CXX_LANGUAGE_STANDARD = "gnu++0x";
				CLANG_CXX_LIBRARY = "libc++";
				CLANG_ENABLE_OBJC_ARC = YES;
				CLANG_WARN_CONSTANT_CONVERSION = YES;
				CLANG_WARN_EMPTY_BODY = YES;
				CLANG_WARN_ENUM_CONVERSION = YES;
				CLANG_WARN_INT_CONVERSION = YES;
				CLANG_WARN__DUPLICATE_METHOD_MATCH = YES;
				"CODE_SIGN_IDENTITY[sdk=iphoneos*]" = "iPhone Developer";
				COPY_PHASE_STRIP = NO;
				GCC_C_LANGUAGE_STANDARD = gnu99;
				GCC_DYNAMIC_NO_PIC = NO;
				GCC_OPTIMIZATION_LEVEL = 0;
				GCC_PREPROCESSOR_DEFINITIONS = (
					"DEBUG=1",
					"$(inherited)",
				);
				GCC_SYMBOLS_PRIVATE_EXTERN = NO;
				GCC_WARN_ABOUT_RETURN_TYPE = YES;
				GCC_WARN_UNINITIALIZED_AUTOS = YES;
				GCC_WARN_UNUSED_VARIABLE = YES;
				IPHONEOS_DEPLOYMENT_TARGET = 6.1;
				ONLY_ACTIVE_ARCH = YES;
				SDKROOT = iphoneos;
			};
			name = Debug;
		};
		6786365517CB2ECC00CE573C /* Release */ = {
			isa = XCBuildConfiguration;
			buildSettings = {
				ALWAYS_SEARCH_USER_PATHS = NO;
				CLANG_CXX_LANGUAGE_STANDARD = "gnu++0x";
				CLANG_CXX_LIBRARY = "libc++";
				CLANG_ENABLE_OBJC_ARC = YES;
				CLANG_WARN_CONSTANT_CONVERSION = YES;
				CLANG_WARN_EMPTY_BODY = YES;
				CLANG_WARN_ENUM_CONVERSION = YES;
				CLANG_WARN_INT_CONVERSION = YES;
				CLANG_WARN__DUPLICATE_METHOD_MATCH = YES;
				"CODE_SIGN_IDENTITY[sdk=iphoneos*]" = "iPhone Developer";
				COPY_PHASE_STRIP = YES;
				GCC_C_LANGUAGE_STANDARD = gnu99;
				GCC_WARN_ABOUT_RETURN_TYPE = YES;
				GCC_WARN_UNINITIALIZED_AUTOS = YES;
				GCC_WARN_UNUSED_VARIABLE = YES;
				IPHONEOS_DEPLOYMENT_TARGET = 6.1;
				OTHER_CFLAGS = "-DNS_BLOCK_ASSERTIONS=1";
				SDKROOT = iphoneos;
				VALIDATE_PRODUCT = YES;
			};
			name = Release;
		};
		6786365717CB2ECC00CE573C /* Debug */ = {
			isa = XCBuildConfiguration;
			buildSettings = {
				GCC_PRECOMPILE_PREFIX_HEADER = YES;
				GCC_PREFIX_HEADER = "iCap/iCap-Prefix.pch";
				INFOPLIST_FILE = "iCap/iCap-Info.plist";
				PRODUCT_NAME = "$(TARGET_NAME)";
				WRAPPER_EXTENSION = app;
			};
			name = Debug;
		};
		6786365817CB2ECC00CE573C /* Release */ = {
			isa = XCBuildConfiguration;
			buildSettings = {
				GCC_PRECOMPILE_PREFIX_HEADER = YES;
				GCC_PREFIX_HEADER = "iCap/iCap-Prefix.pch";
				INFOPLIST_FILE = "iCap/iCap-Info.plist";
				PRODUCT_NAME = "$(TARGET_NAME)";
				WRAPPER_EXTENSION = app;
			};
			name = Release;
		};
		6786365A17CB2ECC00CE573C /* Debug */ = {
			isa = XCBuildConfiguration;
			buildSettings = {
				BUNDLE_LOADER = "$(BUILT_PRODUCTS_DIR)/iCap.app/iCap";
				FRAMEWORK_SEARCH_PATHS = (
					"\"$(SDKROOT)/Developer/Library/Frameworks\"",
					"\"$(DEVELOPER_LIBRARY_DIR)/Frameworks\"",
				);
				GCC_PRECOMPILE_PREFIX_HEADER = YES;
				GCC_PREFIX_HEADER = "iCap/iCap-Prefix.pch";
				INFOPLIST_FILE = "iCapTests/iCapTests-Info.plist";
				PRODUCT_NAME = "$(TARGET_NAME)";
				TEST_HOST = "$(BUNDLE_LOADER)";
				WRAPPER_EXTENSION = octest;
			};
			name = Debug;
		};
		6786365B17CB2ECC00CE573C /* Release */ = {
			isa = XCBuildConfiguration;
			buildSettings = {
				BUNDLE_LOADER = "$(BUILT_PRODUCTS_DIR)/iCap.app/iCap";
				FRAMEWORK_SEARCH_PATHS = (
					"\"$(SDKROOT)/Developer/Library/Frameworks\"",
					"\"$(DEVELOPER_LIBRARY_DIR)/Frameworks\"",
				);
				GCC_PRECOMPILE_PREFIX_HEADER = YES;
				GCC_PREFIX_HEADER = "iCap/iCap-Prefix.pch";
				INFOPLIST_FILE = "iCapTests/iCapTests-Info.plist";
				PRODUCT_NAME = "$(TARGET_NAME)";
				TEST_HOST = "$(BUNDLE_LOADER)";
				WRAPPER_EXTENSION = octest;
			};
			name = Release;
		};
/* End XCBuildConfiguration section */

/* Begin XCConfigurationList section */
		6786361917CB2ECC00CE573C /* Build configuration list for PBXProject "iCap" */ = {
			isa = XCConfigurationList;
			buildConfigurations = (
				6786365417CB2ECC00CE573C /* Debug */,
				6786365517CB2ECC00CE573C /* Release */,
			);
			defaultConfigurationIsVisible = 0;
			defaultConfigurationName = Release;
		};
		6786365617CB2ECC00CE573C /* Build configuration list for PBXNativeTarget "iCap" */ = {
			isa = XCConfigurationList;
			buildConfigurations = (
				6786365717CB2ECC00CE573C /* Debug */,
				6786365817CB2ECC00CE573C /* Release */,
			);
			defaultConfigurationIsVisible = 0;
			defaultConfigurationName = Release;
		};
		6786365917CB2ECC00CE573C /* Build configuration list for PBXNativeTarget "iCapTests" */ = {
			isa = XCConfigurationList;
			buildConfigurations = (
				6786365A17CB2ECC00CE573C /* Debug */,
				6786365B17CB2ECC00CE573C /* Release */,
			);
			defaultConfigurationIsVisible = 0;
			defaultConfigurationName = Release;
		};
/* End XCConfigurationList section */
	};
	rootObject = 6786361617CB2ECC00CE573C /* Project object */;
}
